// !$*UTF8*$!
{
	archiveVersion = 1;
	classes = {
	};
	objectVersion = 56;
	objects = {

/* Begin PBXBuildFile section */
		6880EF28B7E7315920D1D951 /* Pods_TodayI.framework in Frameworks */ = {isa = PBXBuildFile; fileRef = D664A949302B38F59968D73E /* Pods_TodayI.framework */; };
		9C7011062B63ACFB00378598 /* RandomView.swift in Sources */ = {isa = PBXBuildFile; fileRef = 9C7011052B63ACFA00378598 /* RandomView.swift */; };
		9C7011092B63C1CC00378598 /* MainViewModel.swift in Sources */ = {isa = PBXBuildFile; fileRef = 9C7011082B63C1CC00378598 /* MainViewModel.swift */; };
		9CA1B9632B78B9F700FD4B71 /* RandomViewModel.swift in Sources */ = {isa = PBXBuildFile; fileRef = 9CA1B9622B78B9F700FD4B71 /* RandomViewModel.swift */; };
		9CA1B9712B78FA2200FD4B71 /* TodayITests.swift in Sources */ = {isa = PBXBuildFile; fileRef = 9CA1B9702B78FA2200FD4B71 /* TodayITests.swift */; };
		9CA1B9782B78FA2D00FD4B71 /* MemoryManagerTests.swift in Sources */ = {isa = PBXBuildFile; fileRef = 9CA1B9772B78FA2D00FD4B71 /* MemoryManagerTests.swift */; };
		9CA1B97A2B78FDEA00FD4B71 /* DataExtensionTests.swift in Sources */ = {isa = PBXBuildFile; fileRef = 9CA1B9792B78FDEA00FD4B71 /* DataExtensionTests.swift */; };
		9CA1B97C2B79007800FD4B71 /* FirebaseManagerTests.swift in Sources */ = {isa = PBXBuildFile; fileRef = 9CA1B97B2B79007800FD4B71 /* FirebaseManagerTests.swift */; };
		9CA1B97F2B79015600FD4B71 /* CreateViewModelTests.swift in Sources */ = {isa = PBXBuildFile; fileRef = 9CA1B97E2B79015600FD4B71 /* CreateViewModelTests.swift */; };
		9CA1D55D2B6407A3000C470E /* CreateViewModel.swift in Sources */ = {isa = PBXBuildFile; fileRef = 9CA1D55C2B6407A3000C470E /* CreateViewModel.swift */; };
		9CAC00402B5EE0B000193FB6 /* GoogleService-Info.plist in Resources */ = {isa = PBXBuildFile; fileRef = 9CAC003F2B5EE0B000193FB6 /* GoogleService-Info.plist */; };
		9CAC00422B5EE57A00193FB6 /* FirebaseManager.swift in Sources */ = {isa = PBXBuildFile; fileRef = 9CAC00412B5EE57A00193FB6 /* FirebaseManager.swift */; };
		9CAC00462B5F68A500193FB6 /* ViewExtensions.swift in Sources */ = {isa = PBXBuildFile; fileRef = 9CAC00452B5F68A500193FB6 /* ViewExtensions.swift */; };
		9CAC00482B5F6DFA00193FB6 /* AdaptsToKeyboard.swift in Sources */ = {isa = PBXBuildFile; fileRef = 9CAC00472B5F6DFA00193FB6 /* AdaptsToKeyboard.swift */; };
		9CFAB9082B5B603100D23E11 /* TodayIApp.swift in Sources */ = {isa = PBXBuildFile; fileRef = 9CFAB9072B5B603100D23E11 /* TodayIApp.swift */; };
		9CFAB90A2B5B603100D23E11 /* MemoryGrid.swift in Sources */ = {isa = PBXBuildFile; fileRef = 9CFAB9092B5B603100D23E11 /* MemoryGrid.swift */; };
		9CFAB90C2B5B603600D23E11 /* Assets.xcassets in Resources */ = {isa = PBXBuildFile; fileRef = 9CFAB90B2B5B603600D23E11 /* Assets.xcassets */; };
		9CFAB90F2B5B603600D23E11 /* Preview Assets.xcassets in Resources */ = {isa = PBXBuildFile; fileRef = 9CFAB90E2B5B603600D23E11 /* Preview Assets.xcassets */; };
		9CFAB9112B5B603600D23E11 /* MemoryManager.swift in Sources */ = {isa = PBXBuildFile; fileRef = 9CFAB9102B5B603600D23E11 /* MemoryManager.swift */; };
		9CFAB9142B5B603600D23E11 /* TodayI.xcdatamodeld in Sources */ = {isa = PBXBuildFile; fileRef = 9CFAB9122B5B603600D23E11 /* TodayI.xcdatamodeld */; };
		9CFAB91B2B5B618F00D23E11 /* MemoryViewModel.swift in Sources */ = {isa = PBXBuildFile; fileRef = 9CFAB91A2B5B618F00D23E11 /* MemoryViewModel.swift */; };
		9CFAB91F2B5B632D00D23E11 /* DataExtensions.swift in Sources */ = {isa = PBXBuildFile; fileRef = 9CFAB91E2B5B632D00D23E11 /* DataExtensions.swift */; };
		9CFAB9212B5B634300D23E11 /* Memory.swift in Sources */ = {isa = PBXBuildFile; fileRef = 9CFAB9202B5B634300D23E11 /* Memory.swift */; };
		9CFAB92A2B5B763000D23E11 /* Emotion.swift in Sources */ = {isa = PBXBuildFile; fileRef = 9CFAB9292B5B763000D23E11 /* Emotion.swift */; };
		9CFAB9302B5B796C00D23E11 /* DetailView.swift in Sources */ = {isa = PBXBuildFile; fileRef = 9CFAB92F2B5B796C00D23E11 /* DetailView.swift */; };
		9CFAB9332B5B79D100D23E11 /* MainView.swift in Sources */ = {isa = PBXBuildFile; fileRef = 9CFAB9322B5B79D100D23E11 /* MainView.swift */; };
		9CFAB9362B5B7CB900D23E11 /* Timeline.swift in Sources */ = {isa = PBXBuildFile; fileRef = 9CFAB9352B5B7CB900D23E11 /* Timeline.swift */; };
		9CFAB93C2B5C00D400D23E11 /* AppTabBarView.swift in Sources */ = {isa = PBXBuildFile; fileRef = 9CFAB93B2B5C00D400D23E11 /* AppTabBarView.swift */; };
		9CFAB9402B5C011500D23E11 /* TabBarType.swift in Sources */ = {isa = PBXBuildFile; fileRef = 9CFAB93F2B5C011500D23E11 /* TabBarType.swift */; };
		9CFAB9432B5C02E200D23E11 /* CustomTabBarContainerView.swift in Sources */ = {isa = PBXBuildFile; fileRef = 9CFAB9422B5C02E200D23E11 /* CustomTabBarContainerView.swift */; };
		9CFAB9452B5C030600D23E11 /* CustomTabBarView.swift in Sources */ = {isa = PBXBuildFile; fileRef = 9CFAB9442B5C030600D23E11 /* CustomTabBarView.swift */; };
		9CFAB9472B5C034A00D23E11 /* TabBarItemsPreferenceKey.swift in Sources */ = {isa = PBXBuildFile; fileRef = 9CFAB9462B5C034A00D23E11 /* TabBarItemsPreferenceKey.swift */; };
		9CFAB94D2B5C064C00D23E11 /* CreateView.swift in Sources */ = {isa = PBXBuildFile; fileRef = 9CFAB94C2B5C064C00D23E11 /* CreateView.swift */; };
		9CFAB9512B5C602000D23E11 /* EmotionView.swift in Sources */ = {isa = PBXBuildFile; fileRef = 9CFAB9502B5C602000D23E11 /* EmotionView.swift */; };
		9CFAB9582B5E597100D23E11 /* Months.swift in Sources */ = {isa = PBXBuildFile; fileRef = 9CFAB9572B5E597100D23E11 /* Months.swift */; };
/* End PBXBuildFile section */

/* Begin PBXContainerItemProxy section */
		9CA1B9722B78FA2200FD4B71 /* PBXContainerItemProxy */ = {
			isa = PBXContainerItemProxy;
			containerPortal = 9CFAB8FC2B5B603100D23E11 /* Project object */;
			proxyType = 1;
			remoteGlobalIDString = 9CFAB9032B5B603100D23E11;
			remoteInfo = TodayI;
		};
/* End PBXContainerItemProxy section */

/* Begin PBXFileReference section */
		958F067605C987E121B2EBB9 /* Pods-TodayI.release.xcconfig */ = {isa = PBXFileReference; includeInIndex = 1; lastKnownFileType = text.xcconfig; name = "Pods-TodayI.release.xcconfig"; path = "Target Support Files/Pods-TodayI/Pods-TodayI.release.xcconfig"; sourceTree = "<group>"; };
		9B4CF5811ACF72A058B31F38 /* Pods-TodayI.debug.xcconfig */ = {isa = PBXFileReference; includeInIndex = 1; lastKnownFileType = text.xcconfig; name = "Pods-TodayI.debug.xcconfig"; path = "Target Support Files/Pods-TodayI/Pods-TodayI.debug.xcconfig"; sourceTree = "<group>"; };
		9C7011052B63ACFA00378598 /* RandomView.swift */ = {isa = PBXFileReference; lastKnownFileType = sourcecode.swift; path = RandomView.swift; sourceTree = "<group>"; };
		9C7011082B63C1CC00378598 /* MainViewModel.swift */ = {isa = PBXFileReference; lastKnownFileType = sourcecode.swift; path = MainViewModel.swift; sourceTree = "<group>"; };
		9CA1B9622B78B9F700FD4B71 /* RandomViewModel.swift */ = {isa = PBXFileReference; lastKnownFileType = sourcecode.swift; path = RandomViewModel.swift; sourceTree = "<group>"; };
		9CA1B96E2B78FA2200FD4B71 /* TodayITests.xctest */ = {isa = PBXFileReference; explicitFileType = wrapper.cfbundle; includeInIndex = 0; path = TodayITests.xctest; sourceTree = BUILT_PRODUCTS_DIR; };
		9CA1B9702B78FA2200FD4B71 /* TodayITests.swift */ = {isa = PBXFileReference; lastKnownFileType = sourcecode.swift; path = TodayITests.swift; sourceTree = "<group>"; };
		9CA1B9772B78FA2D00FD4B71 /* MemoryManagerTests.swift */ = {isa = PBXFileReference; lastKnownFileType = sourcecode.swift; path = MemoryManagerTests.swift; sourceTree = "<group>"; };
		9CA1B9792B78FDEA00FD4B71 /* DataExtensionTests.swift */ = {isa = PBXFileReference; lastKnownFileType = sourcecode.swift; path = DataExtensionTests.swift; sourceTree = "<group>"; };
		9CA1B97B2B79007800FD4B71 /* FirebaseManagerTests.swift */ = {isa = PBXFileReference; lastKnownFileType = sourcecode.swift; path = FirebaseManagerTests.swift; sourceTree = "<group>"; };
		9CA1B97E2B79015600FD4B71 /* CreateViewModelTests.swift */ = {isa = PBXFileReference; lastKnownFileType = sourcecode.swift; path = CreateViewModelTests.swift; sourceTree = "<group>"; };
		9CA1D55C2B6407A3000C470E /* CreateViewModel.swift */ = {isa = PBXFileReference; lastKnownFileType = sourcecode.swift; path = CreateViewModel.swift; sourceTree = "<group>"; };
		9CAC003F2B5EE0B000193FB6 /* GoogleService-Info.plist */ = {isa = PBXFileReference; fileEncoding = 4; lastKnownFileType = text.plist.xml; path = "GoogleService-Info.plist"; sourceTree = "<group>"; };
		9CAC00412B5EE57A00193FB6 /* FirebaseManager.swift */ = {isa = PBXFileReference; lastKnownFileType = sourcecode.swift; path = FirebaseManager.swift; sourceTree = "<group>"; };
		9CAC00452B5F68A500193FB6 /* ViewExtensions.swift */ = {isa = PBXFileReference; lastKnownFileType = sourcecode.swift; path = ViewExtensions.swift; sourceTree = "<group>"; };
		9CAC00472B5F6DFA00193FB6 /* AdaptsToKeyboard.swift */ = {isa = PBXFileReference; lastKnownFileType = sourcecode.swift; path = AdaptsToKeyboard.swift; sourceTree = "<group>"; };
		9CFAB9042B5B603100D23E11 /* TodayI.app */ = {isa = PBXFileReference; explicitFileType = wrapper.application; includeInIndex = 0; path = TodayI.app; sourceTree = BUILT_PRODUCTS_DIR; };
		9CFAB9072B5B603100D23E11 /* TodayIApp.swift */ = {isa = PBXFileReference; lastKnownFileType = sourcecode.swift; path = TodayIApp.swift; sourceTree = "<group>"; };
		9CFAB9092B5B603100D23E11 /* MemoryGrid.swift */ = {isa = PBXFileReference; lastKnownFileType = sourcecode.swift; path = MemoryGrid.swift; sourceTree = "<group>"; };
		9CFAB90B2B5B603600D23E11 /* Assets.xcassets */ = {isa = PBXFileReference; lastKnownFileType = folder.assetcatalog; path = Assets.xcassets; sourceTree = "<group>"; };
		9CFAB90E2B5B603600D23E11 /* Preview Assets.xcassets */ = {isa = PBXFileReference; lastKnownFileType = folder.assetcatalog; path = "Preview Assets.xcassets"; sourceTree = "<group>"; };
		9CFAB9102B5B603600D23E11 /* MemoryManager.swift */ = {isa = PBXFileReference; lastKnownFileType = sourcecode.swift; path = MemoryManager.swift; sourceTree = "<group>"; };
		9CFAB9132B5B603600D23E11 /* TodayI.xcdatamodel */ = {isa = PBXFileReference; lastKnownFileType = wrapper.xcdatamodel; path = TodayI.xcdatamodel; sourceTree = "<group>"; };
		9CFAB91A2B5B618F00D23E11 /* MemoryViewModel.swift */ = {isa = PBXFileReference; lastKnownFileType = sourcecode.swift; path = MemoryViewModel.swift; sourceTree = "<group>"; };
		9CFAB91E2B5B632D00D23E11 /* DataExtensions.swift */ = {isa = PBXFileReference; lastKnownFileType = sourcecode.swift; path = DataExtensions.swift; sourceTree = "<group>"; };
		9CFAB9202B5B634300D23E11 /* Memory.swift */ = {isa = PBXFileReference; lastKnownFileType = sourcecode.swift; path = Memory.swift; sourceTree = "<group>"; };
		9CFAB9292B5B763000D23E11 /* Emotion.swift */ = {isa = PBXFileReference; lastKnownFileType = sourcecode.swift; path = Emotion.swift; sourceTree = "<group>"; };
		9CFAB92F2B5B796C00D23E11 /* DetailView.swift */ = {isa = PBXFileReference; lastKnownFileType = sourcecode.swift; path = DetailView.swift; sourceTree = "<group>"; };
		9CFAB9322B5B79D100D23E11 /* MainView.swift */ = {isa = PBXFileReference; lastKnownFileType = sourcecode.swift; path = MainView.swift; sourceTree = "<group>"; };
		9CFAB9352B5B7CB900D23E11 /* Timeline.swift */ = {isa = PBXFileReference; lastKnownFileType = sourcecode.swift; path = Timeline.swift; sourceTree = "<group>"; };
		9CFAB93B2B5C00D400D23E11 /* AppTabBarView.swift */ = {isa = PBXFileReference; lastKnownFileType = sourcecode.swift; path = AppTabBarView.swift; sourceTree = "<group>"; };
		9CFAB93F2B5C011500D23E11 /* TabBarType.swift */ = {isa = PBXFileReference; lastKnownFileType = sourcecode.swift; path = TabBarType.swift; sourceTree = "<group>"; };
		9CFAB9422B5C02E200D23E11 /* CustomTabBarContainerView.swift */ = {isa = PBXFileReference; lastKnownFileType = sourcecode.swift; path = CustomTabBarContainerView.swift; sourceTree = "<group>"; };
		9CFAB9442B5C030600D23E11 /* CustomTabBarView.swift */ = {isa = PBXFileReference; lastKnownFileType = sourcecode.swift; path = CustomTabBarView.swift; sourceTree = "<group>"; };
		9CFAB9462B5C034A00D23E11 /* TabBarItemsPreferenceKey.swift */ = {isa = PBXFileReference; lastKnownFileType = sourcecode.swift; path = TabBarItemsPreferenceKey.swift; sourceTree = "<group>"; };
		9CFAB94C2B5C064C00D23E11 /* CreateView.swift */ = {isa = PBXFileReference; lastKnownFileType = sourcecode.swift; path = CreateView.swift; sourceTree = "<group>"; };
		9CFAB9502B5C602000D23E11 /* EmotionView.swift */ = {isa = PBXFileReference; lastKnownFileType = sourcecode.swift; path = EmotionView.swift; sourceTree = "<group>"; };
		9CFAB9572B5E597100D23E11 /* Months.swift */ = {isa = PBXFileReference; lastKnownFileType = sourcecode.swift; path = Months.swift; sourceTree = "<group>"; };
		D664A949302B38F59968D73E /* Pods_TodayI.framework */ = {isa = PBXFileReference; explicitFileType = wrapper.framework; includeInIndex = 0; path = Pods_TodayI.framework; sourceTree = BUILT_PRODUCTS_DIR; };
/* End PBXFileReference section */

/* Begin PBXFrameworksBuildPhase section */
		9CA1B96B2B78FA2200FD4B71 /* Frameworks */ = {
			isa = PBXFrameworksBuildPhase;
			buildActionMask = 2147483647;
			files = (
			);
			runOnlyForDeploymentPostprocessing = 0;
		};
		9CFAB9012B5B603100D23E11 /* Frameworks */ = {
			isa = PBXFrameworksBuildPhase;
			buildActionMask = 2147483647;
			files = (
				6880EF28B7E7315920D1D951 /* Pods_TodayI.framework in Frameworks */,
			);
			runOnlyForDeploymentPostprocessing = 0;
		};
/* End PBXFrameworksBuildPhase section */

/* Begin PBXGroup section */
		2A0CED26C8C4AA245E465D98 /* Frameworks */ = {
			isa = PBXGroup;
			children = (
				D664A949302B38F59968D73E /* Pods_TodayI.framework */,
			);
			name = Frameworks;
			sourceTree = "<group>";
		};
		9C7011072B63AD2200378598 /* RandomScreen */ = {
			isa = PBXGroup;
			children = (
				9CA1B9652B78BB0D00FD4B71 /* Views */,
				9CA1B9642B78BB0600FD4B71 /* ViewModel */,
			);
			path = RandomScreen;
			sourceTree = "<group>";
		};
		9C70110A2B63C1D000378598 /* ViewModels */ = {
			isa = PBXGroup;
			children = (
				9C7011082B63C1CC00378598 /* MainViewModel.swift */,
			);
			path = ViewModels;
			sourceTree = "<group>";
		};
		9CA1B9612B76754400FD4B71 /* ViewModel */ = {
			isa = PBXGroup;
			children = (
				9CA1D55C2B6407A3000C470E /* CreateViewModel.swift */,
			);
			path = ViewModel;
			sourceTree = "<group>";
		};
		9CA1B9642B78BB0600FD4B71 /* ViewModel */ = {
			isa = PBXGroup;
			children = (
				9CA1B9622B78B9F700FD4B71 /* RandomViewModel.swift */,
			);
			path = ViewModel;
			sourceTree = "<group>";
		};
		9CA1B9652B78BB0D00FD4B71 /* Views */ = {
			isa = PBXGroup;
			children = (
				9C7011052B63ACFA00378598 /* RandomView.swift */,
			);
			path = Views;
			sourceTree = "<group>";
		};
		9CA1B9682B78F8EF00FD4B71 /* Tests */ = {
			isa = PBXGroup;
			children = (
				9CA1B9772B78FA2D00FD4B71 /* MemoryManagerTests.swift */,
				9CA1B9792B78FDEA00FD4B71 /* DataExtensionTests.swift */,
				9CA1B97B2B79007800FD4B71 /* FirebaseManagerTests.swift */,
				9CA1B97E2B79015600FD4B71 /* CreateViewModelTests.swift */,
			);
			path = Tests;
			sourceTree = "<group>";
		};
		9CA1B96F2B78FA2200FD4B71 /* TodayITests */ = {
			isa = PBXGroup;
			children = (
				9CA1B9702B78FA2200FD4B71 /* TodayITests.swift */,
			);
			path = TodayITests;
			sourceTree = "<group>";
		};
		9CAC00432B5EE57E00193FB6 /* Managers */ = {
			isa = PBXGroup;
			children = (
				9CFAB9102B5B603600D23E11 /* MemoryManager.swift */,
				9CAC00412B5EE57A00193FB6 /* FirebaseManager.swift */,
			);
			path = Managers;
			sourceTree = "<group>";
		};
		9CAC00442B5EE58B00193FB6 /* Screens */ = {
			isa = PBXGroup;
			children = (
				9CFAB9342B5B7CAF00D23E11 /* Main */,
				9CFAB9272B5B733300D23E11 /* MemoryScreen */,
				9CFAB9312B5B797000D23E11 /* DetailScreen */,
				9CFAB94E2B5C065000D23E11 /* CreateScreen */,
				9C7011072B63AD2200378598 /* RandomScreen */,
			);
			path = Screens;
			sourceTree = "<group>";
		};
		9CFAB8FB2B5B603100D23E11 = {
			isa = PBXGroup;
			children = (
				9CFAB9062B5B603100D23E11 /* TodayI */,
				9CA1B96F2B78FA2200FD4B71 /* TodayITests */,
				9CFAB9052B5B603100D23E11 /* Products */,
				D4B5C5F896286349FA422222 /* Pods */,
				2A0CED26C8C4AA245E465D98 /* Frameworks */,
			);
			sourceTree = "<group>";
		};
		9CFAB9052B5B603100D23E11 /* Products */ = {
			isa = PBXGroup;
			children = (
				9CFAB9042B5B603100D23E11 /* TodayI.app */,
				9CA1B96E2B78FA2200FD4B71 /* TodayITests.xctest */,
			);
			name = Products;
			sourceTree = "<group>";
		};
		9CFAB9062B5B603100D23E11 /* TodayI */ = {
			isa = PBXGroup;
			children = (
				9CAC003F2B5EE0B000193FB6 /* GoogleService-Info.plist */,
				9CFAB90B2B5B603600D23E11 /* Assets.xcassets */,
				9CFAB9122B5B603600D23E11 /* TodayI.xcdatamodeld */,
				9CFAB9072B5B603100D23E11 /* TodayIApp.swift */,
				9CFAB90D2B5B603600D23E11 /* Preview Content */,
				9CFAB93D2B5C00F900D23E11 /* Tabbar */,
				9CFAB9242B5B730300D23E11 /* Support */,
				9CAC00442B5EE58B00193FB6 /* Screens */,
				9CAC00432B5EE57E00193FB6 /* Managers */,
				9CA1B9682B78F8EF00FD4B71 /* Tests */,
			);
			path = TodayI;
			sourceTree = "<group>";
		};
		9CFAB90D2B5B603600D23E11 /* Preview Content */ = {
			isa = PBXGroup;
			children = (
				9CFAB90E2B5B603600D23E11 /* Preview Assets.xcassets */,
			);
			path = "Preview Content";
			sourceTree = "<group>";
		};
		9CFAB9242B5B730300D23E11 /* Support */ = {
			isa = PBXGroup;
			children = (
				9CFAB91E2B5B632D00D23E11 /* DataExtensions.swift */,
				9CAC00452B5F68A500193FB6 /* ViewExtensions.swift */,
				9CAC00472B5F6DFA00193FB6 /* AdaptsToKeyboard.swift */,
			);
			path = Support;
			sourceTree = "<group>";
		};
		9CFAB9252B5B730A00D23E11 /* Models */ = {
			isa = PBXGroup;
			children = (
				9CFAB9202B5B634300D23E11 /* Memory.swift */,
			);
			path = Models;
			sourceTree = "<group>";
		};
		9CFAB9262B5B732B00D23E11 /* Views */ = {
			isa = PBXGroup;
			children = (
				9CFAB9092B5B603100D23E11 /* MemoryGrid.swift */,
			);
			path = Views;
			sourceTree = "<group>";
		};
		9CFAB9272B5B733300D23E11 /* MemoryScreen */ = {
			isa = PBXGroup;
			children = (
				9CFAB9282B5B733C00D23E11 /* ViewModel */,
				9CFAB9262B5B732B00D23E11 /* Views */,
				9CFAB9252B5B730A00D23E11 /* Models */,
			);
			path = MemoryScreen;
			sourceTree = "<group>";
		};
		9CFAB9282B5B733C00D23E11 /* ViewModel */ = {
			isa = PBXGroup;
			children = (
				9CFAB91A2B5B618F00D23E11 /* MemoryViewModel.swift */,
			);
			path = ViewModel;
			sourceTree = "<group>";
		};
		9CFAB9312B5B797000D23E11 /* DetailScreen */ = {
			isa = PBXGroup;
			children = (
				9CFAB92F2B5B796C00D23E11 /* DetailView.swift */,
			);
			path = DetailScreen;
			sourceTree = "<group>";
		};
		9CFAB9342B5B7CAF00D23E11 /* Main */ = {
			isa = PBXGroup;
			children = (
				9CFAB9372B5B7CBF00D23E11 /* Views */,
				9CFAB9382B5B7CC400D23E11 /* Models */,
				9C70110A2B63C1D000378598 /* ViewModels */,
			);
			path = Main;
			sourceTree = "<group>";
		};
		9CFAB9372B5B7CBF00D23E11 /* Views */ = {
			isa = PBXGroup;
			children = (
				9CFAB9322B5B79D100D23E11 /* MainView.swift */,
			);
			path = Views;
			sourceTree = "<group>";
		};
		9CFAB9382B5B7CC400D23E11 /* Models */ = {
			isa = PBXGroup;
			children = (
				9CFAB9352B5B7CB900D23E11 /* Timeline.swift */,
				9CFAB9572B5E597100D23E11 /* Months.swift */,
			);
			path = Models;
			sourceTree = "<group>";
		};
		9CFAB93D2B5C00F900D23E11 /* Tabbar */ = {
			isa = PBXGroup;
			children = (
				9CFAB93E2B5C010300D23E11 /* Views */,
				9CFAB9412B5C011800D23E11 /* Models */,
			);
			path = Tabbar;
			sourceTree = "<group>";
		};
		9CFAB93E2B5C010300D23E11 /* Views */ = {
			isa = PBXGroup;
			children = (
				9CFAB93B2B5C00D400D23E11 /* AppTabBarView.swift */,
				9CFAB9422B5C02E200D23E11 /* CustomTabBarContainerView.swift */,
				9CFAB9442B5C030600D23E11 /* CustomTabBarView.swift */,
				9CFAB9462B5C034A00D23E11 /* TabBarItemsPreferenceKey.swift */,
			);
			path = Views;
			sourceTree = "<group>";
		};
		9CFAB9412B5C011800D23E11 /* Models */ = {
			isa = PBXGroup;
			children = (
				9CFAB93F2B5C011500D23E11 /* TabBarType.swift */,
			);
			path = Models;
			sourceTree = "<group>";
		};
		9CFAB94E2B5C065000D23E11 /* CreateScreen */ = {
			isa = PBXGroup;
			children = (
				9CFAB9522B5C602F00D23E11 /* Models */,
				9CFAB94F2B5C065500D23E11 /* Views */,
				9CA1B9612B76754400FD4B71 /* ViewModel */,
			);
			path = CreateScreen;
			sourceTree = "<group>";
		};
		9CFAB94F2B5C065500D23E11 /* Views */ = {
			isa = PBXGroup;
			children = (
				9CFAB94C2B5C064C00D23E11 /* CreateView.swift */,
				9CFAB9502B5C602000D23E11 /* EmotionView.swift */,
			);
			path = Views;
			sourceTree = "<group>";
		};
		9CFAB9522B5C602F00D23E11 /* Models */ = {
			isa = PBXGroup;
			children = (
				9CFAB9292B5B763000D23E11 /* Emotion.swift */,
			);
			path = Models;
			sourceTree = "<group>";
		};
		D4B5C5F896286349FA422222 /* Pods */ = {
			isa = PBXGroup;
			children = (
				9B4CF5811ACF72A058B31F38 /* Pods-TodayI.debug.xcconfig */,
				958F067605C987E121B2EBB9 /* Pods-TodayI.release.xcconfig */,
			);
			path = Pods;
			sourceTree = "<group>";
		};
/* End PBXGroup section */

/* Begin PBXNativeTarget section */
		9CA1B96D2B78FA2200FD4B71 /* TodayITests */ = {
			isa = PBXNativeTarget;
			buildConfigurationList = 9CA1B9742B78FA2200FD4B71 /* Build configuration list for PBXNativeTarget "TodayITests" */;
			buildPhases = (
				9CA1B96A2B78FA2200FD4B71 /* Sources */,
				9CA1B96B2B78FA2200FD4B71 /* Frameworks */,
				9CA1B96C2B78FA2200FD4B71 /* Resources */,
			);
			buildRules = (
			);
			dependencies = (
				9CA1B9732B78FA2200FD4B71 /* PBXTargetDependency */,
			);
			name = TodayITests;
			productName = TodayITests;
			productReference = 9CA1B96E2B78FA2200FD4B71 /* TodayITests.xctest */;
			productType = "com.apple.product-type.bundle.unit-test";
		};
		9CFAB9032B5B603100D23E11 /* TodayI */ = {
			isa = PBXNativeTarget;
			buildConfigurationList = 9CFAB9172B5B603600D23E11 /* Build configuration list for PBXNativeTarget "TodayI" */;
			buildPhases = (
				E1A6F5D6F80C0E8E3AED52C6 /* [CP] Check Pods Manifest.lock */,
				9CFAB9002B5B603100D23E11 /* Sources */,
				9CFAB9012B5B603100D23E11 /* Frameworks */,
				9CFAB9022B5B603100D23E11 /* Resources */,
				4722CB1E8B6F3FEFB76985AB /* [CP] Embed Pods Frameworks */,
			);
			buildRules = (
			);
			dependencies = (
			);
			name = TodayI;
			productName = TodayI;
			productReference = 9CFAB9042B5B603100D23E11 /* TodayI.app */;
			productType = "com.apple.product-type.application";
		};
/* End PBXNativeTarget section */

/* Begin PBXProject section */
		9CFAB8FC2B5B603100D23E11 /* Project object */ = {
			isa = PBXProject;
			attributes = {
				BuildIndependentTargetsInParallel = 1;
				LastSwiftUpdateCheck = 1520;
				LastUpgradeCheck = 1500;
				TargetAttributes = {
					9CA1B96D2B78FA2200FD4B71 = {
						CreatedOnToolsVersion = 15.2;
						TestTargetID = 9CFAB9032B5B603100D23E11;
					};
					9CFAB9032B5B603100D23E11 = {
						CreatedOnToolsVersion = 15.0.1;
					};
				};
			};
			buildConfigurationList = 9CFAB8FF2B5B603100D23E11 /* Build configuration list for PBXProject "TodayI" */;
			compatibilityVersion = "Xcode 14.0";
			developmentRegion = en;
			hasScannedForEncodings = 0;
			knownRegions = (
				en,
				Base,
			);
			mainGroup = 9CFAB8FB2B5B603100D23E11;
			productRefGroup = 9CFAB9052B5B603100D23E11 /* Products */;
			projectDirPath = "";
			projectRoot = "";
			targets = (
				9CFAB9032B5B603100D23E11 /* TodayI */,
				9CA1B96D2B78FA2200FD4B71 /* TodayITests */,
			);
		};
/* End PBXProject section */

/* Begin PBXResourcesBuildPhase section */
		9CA1B96C2B78FA2200FD4B71 /* Resources */ = {
			isa = PBXResourcesBuildPhase;
			buildActionMask = 2147483647;
			files = (
			);
			runOnlyForDeploymentPostprocessing = 0;
		};
		9CFAB9022B5B603100D23E11 /* Resources */ = {
			isa = PBXResourcesBuildPhase;
			buildActionMask = 2147483647;
			files = (
				9CFAB90F2B5B603600D23E11 /* Preview Assets.xcassets in Resources */,
				9CFAB90C2B5B603600D23E11 /* Assets.xcassets in Resources */,
				9CAC00402B5EE0B000193FB6 /* GoogleService-Info.plist in Resources */,
			);
			runOnlyForDeploymentPostprocessing = 0;
		};
/* End PBXResourcesBuildPhase section */

/* Begin PBXShellScriptBuildPhase section */
		4722CB1E8B6F3FEFB76985AB /* [CP] Embed Pods Frameworks */ = {
			isa = PBXShellScriptBuildPhase;
			buildActionMask = 2147483647;
			files = (
			);
			inputFileListPaths = (
				"${PODS_ROOT}/Target Support Files/Pods-TodayI/Pods-TodayI-frameworks-${CONFIGURATION}-input-files.xcfilelist",
			);
			name = "[CP] Embed Pods Frameworks";
			outputFileListPaths = (
				"${PODS_ROOT}/Target Support Files/Pods-TodayI/Pods-TodayI-frameworks-${CONFIGURATION}-output-files.xcfilelist",
			);
			runOnlyForDeploymentPostprocessing = 0;
			shellPath = /bin/sh;
			shellScript = "\"${PODS_ROOT}/Target Support Files/Pods-TodayI/Pods-TodayI-frameworks.sh\"\n";
			showEnvVarsInLog = 0;
		};
		E1A6F5D6F80C0E8E3AED52C6 /* [CP] Check Pods Manifest.lock */ = {
			isa = PBXShellScriptBuildPhase;
			buildActionMask = 2147483647;
			files = (
			);
			inputFileListPaths = (
			);
			inputPaths = (
				"${PODS_PODFILE_DIR_PATH}/Podfile.lock",
				"${PODS_ROOT}/Manifest.lock",
			);
			name = "[CP] Check Pods Manifest.lock";
			outputFileListPaths = (
			);
			outputPaths = (
				"$(DERIVED_FILE_DIR)/Pods-TodayI-checkManifestLockResult.txt",
			);
			runOnlyForDeploymentPostprocessing = 0;
			shellPath = /bin/sh;
			shellScript = "diff \"${PODS_PODFILE_DIR_PATH}/Podfile.lock\" \"${PODS_ROOT}/Manifest.lock\" > /dev/null\nif [ $? != 0 ] ; then\n    # print error to STDERR\n    echo \"error: The sandbox is not in sync with the Podfile.lock. Run 'pod install' or update your CocoaPods installation.\" >&2\n    exit 1\nfi\n# This output is used by Xcode 'outputs' to avoid re-running this script phase.\necho \"SUCCESS\" > \"${SCRIPT_OUTPUT_FILE_0}\"\n";
			showEnvVarsInLog = 0;
		};
/* End PBXShellScriptBuildPhase section */

/* Begin PBXSourcesBuildPhase section */
		9CA1B96A2B78FA2200FD4B71 /* Sources */ = {
			isa = PBXSourcesBuildPhase;
			buildActionMask = 2147483647;
			files = (
				9CA1B97C2B79007800FD4B71 /* FirebaseManagerTests.swift in Sources */,
				9CA1B9782B78FA2D00FD4B71 /* MemoryManagerTests.swift in Sources */,
				9CA1B97A2B78FDEA00FD4B71 /* DataExtensionTests.swift in Sources */,
				9CA1B9712B78FA2200FD4B71 /* TodayITests.swift in Sources */,
				9CA1B97F2B79015600FD4B71 /* CreateViewModelTests.swift in Sources */,
			);
			runOnlyForDeploymentPostprocessing = 0;
		};
		9CFAB9002B5B603100D23E11 /* Sources */ = {
			isa = PBXSourcesBuildPhase;
			buildActionMask = 2147483647;
			files = (
				9CFAB9472B5C034A00D23E11 /* TabBarItemsPreferenceKey.swift in Sources */,
				9CFAB93C2B5C00D400D23E11 /* AppTabBarView.swift in Sources */,
				9CAC00482B5F6DFA00193FB6 /* AdaptsToKeyboard.swift in Sources */,
				9CFAB9212B5B634300D23E11 /* Memory.swift in Sources */,
				9CA1D55D2B6407A3000C470E /* CreateViewModel.swift in Sources */,
				9CFAB9302B5B796C00D23E11 /* DetailView.swift in Sources */,
				9C7011092B63C1CC00378598 /* MainViewModel.swift in Sources */,
				9CAC00422B5EE57A00193FB6 /* FirebaseManager.swift in Sources */,
				9C7011062B63ACFB00378598 /* RandomView.swift in Sources */,
				9CFAB9452B5C030600D23E11 /* CustomTabBarView.swift in Sources */,
				9CFAB9112B5B603600D23E11 /* MemoryManager.swift in Sources */,
				9CFAB9432B5C02E200D23E11 /* CustomTabBarContainerView.swift in Sources */,
				9CFAB9332B5B79D100D23E11 /* MainView.swift in Sources */,
				9CA1B9632B78B9F700FD4B71 /* RandomViewModel.swift in Sources */,
				9CFAB9142B5B603600D23E11 /* TodayI.xcdatamodeld in Sources */,
				9CFAB94D2B5C064C00D23E11 /* CreateView.swift in Sources */,
				9CFAB9512B5C602000D23E11 /* EmotionView.swift in Sources */,
				9CFAB92A2B5B763000D23E11 /* Emotion.swift in Sources */,
				9CFAB90A2B5B603100D23E11 /* MemoryGrid.swift in Sources */,
				9CAC00462B5F68A500193FB6 /* ViewExtensions.swift in Sources */,
				9CFAB91F2B5B632D00D23E11 /* DataExtensions.swift in Sources */,
				9CFAB9082B5B603100D23E11 /* TodayIApp.swift in Sources */,
				9CFAB9402B5C011500D23E11 /* TabBarType.swift in Sources */,
				9CFAB91B2B5B618F00D23E11 /* MemoryViewModel.swift in Sources */,
				9CFAB9582B5E597100D23E11 /* Months.swift in Sources */,
				9CFAB9362B5B7CB900D23E11 /* Timeline.swift in Sources */,
			);
			runOnlyForDeploymentPostprocessing = 0;
		};
/* End PBXSourcesBuildPhase section */

/* Begin PBXTargetDependency section */
		9CA1B9732B78FA2200FD4B71 /* PBXTargetDependency */ = {
			isa = PBXTargetDependency;
			target = 9CFAB9032B5B603100D23E11 /* TodayI */;
			targetProxy = 9CA1B9722B78FA2200FD4B71 /* PBXContainerItemProxy */;
		};
/* End PBXTargetDependency section */

/* Begin XCBuildConfiguration section */
		9CA1B9752B78FA2200FD4B71 /* Debug */ = {
			isa = XCBuildConfiguration;
			buildSettings = {
				BUNDLE_LOADER = "$(TEST_HOST)";
				CODE_SIGN_STYLE = Automatic;
				CURRENT_PROJECT_VERSION = 1;
				DEVELOPMENT_TEAM = XUN95V9WDZ;
				GENERATE_INFOPLIST_FILE = YES;
				IPHONEOS_DEPLOYMENT_TARGET = 17.2;
				MARKETING_VERSION = 1.0;
				PRODUCT_BUNDLE_IDENTIFIER = KuzoBelderol.TodayITests;
				PRODUCT_NAME = "$(TARGET_NAME)";
				SWIFT_EMIT_LOC_STRINGS = NO;
				SWIFT_VERSION = 5.0;
				TARGETED_DEVICE_FAMILY = "1,2";
				TEST_HOST = "$(BUILT_PRODUCTS_DIR)/TodayI.app/$(BUNDLE_EXECUTABLE_FOLDER_PATH)/TodayI";
			};
			name = Debug;
		};
		9CA1B9762B78FA2200FD4B71 /* Release */ = {
			isa = XCBuildConfiguration;
			buildSettings = {
				BUNDLE_LOADER = "$(TEST_HOST)";
				CODE_SIGN_STYLE = Automatic;
				CURRENT_PROJECT_VERSION = 1;
				DEVELOPMENT_TEAM = XUN95V9WDZ;
				GENERATE_INFOPLIST_FILE = YES;
				IPHONEOS_DEPLOYMENT_TARGET = 17.2;
				MARKETING_VERSION = 1.0;
				PRODUCT_BUNDLE_IDENTIFIER = KuzoBelderol.TodayITests;
				PRODUCT_NAME = "$(TARGET_NAME)";
				SWIFT_EMIT_LOC_STRINGS = NO;
				SWIFT_VERSION = 5.0;
				TARGETED_DEVICE_FAMILY = "1,2";
				TEST_HOST = "$(BUILT_PRODUCTS_DIR)/TodayI.app/$(BUNDLE_EXECUTABLE_FOLDER_PATH)/TodayI";
			};
			name = Release;
		};
		9CFAB9152B5B603600D23E11 /* Debug */ = {
			isa = XCBuildConfiguration;
			buildSettings = {
				ALWAYS_SEARCH_USER_PATHS = NO;
				ASSETCATALOG_COMPILER_GENERATE_SWIFT_ASSET_SYMBOL_EXTENSIONS = YES;
				CLANG_ANALYZER_NONNULL = YES;
				CLANG_ANALYZER_NUMBER_OBJECT_CONVERSION = YES_AGGRESSIVE;
				CLANG_CXX_LANGUAGE_STANDARD = "gnu++20";
				CLANG_ENABLE_MODULES = YES;
				CLANG_ENABLE_OBJC_ARC = YES;
				CLANG_ENABLE_OBJC_WEAK = YES;
				CLANG_WARN_BLOCK_CAPTURE_AUTORELEASING = YES;
				CLANG_WARN_BOOL_CONVERSION = YES;
				CLANG_WARN_COMMA = YES;
				CLANG_WARN_CONSTANT_CONVERSION = YES;
				CLANG_WARN_DEPRECATED_OBJC_IMPLEMENTATIONS = YES;
				CLANG_WARN_DIRECT_OBJC_ISA_USAGE = YES_ERROR;
				CLANG_WARN_DOCUMENTATION_COMMENTS = YES;
				CLANG_WARN_EMPTY_BODY = YES;
				CLANG_WARN_ENUM_CONVERSION = YES;
				CLANG_WARN_INFINITE_RECURSION = YES;
				CLANG_WARN_INT_CONVERSION = YES;
				CLANG_WARN_NON_LITERAL_NULL_CONVERSION = YES;
				CLANG_WARN_OBJC_IMPLICIT_RETAIN_SELF = YES;
				CLANG_WARN_OBJC_LITERAL_CONVERSION = YES;
				CLANG_WARN_OBJC_ROOT_CLASS = YES_ERROR;
				CLANG_WARN_QUOTED_INCLUDE_IN_FRAMEWORK_HEADER = YES;
				CLANG_WARN_RANGE_LOOP_ANALYSIS = YES;
				CLANG_WARN_STRICT_PROTOTYPES = YES;
				CLANG_WARN_SUSPICIOUS_MOVE = YES;
				CLANG_WARN_UNGUARDED_AVAILABILITY = YES_AGGRESSIVE;
				CLANG_WARN_UNREACHABLE_CODE = YES;
				CLANG_WARN__DUPLICATE_METHOD_MATCH = YES;
				COPY_PHASE_STRIP = NO;
				DEBUG_INFORMATION_FORMAT = dwarf;
				ENABLE_STRICT_OBJC_MSGSEND = YES;
				ENABLE_TESTABILITY = YES;
				ENABLE_USER_SCRIPT_SANDBOXING = YES;
				GCC_C_LANGUAGE_STANDARD = gnu17;
				GCC_DYNAMIC_NO_PIC = NO;
				GCC_NO_COMMON_BLOCKS = YES;
				GCC_OPTIMIZATION_LEVEL = 0;
				GCC_PREPROCESSOR_DEFINITIONS = (
					"DEBUG=1",
					"$(inherited)",
				);
				GCC_WARN_64_TO_32_BIT_CONVERSION = YES;
				GCC_WARN_ABOUT_RETURN_TYPE = YES_ERROR;
				GCC_WARN_UNDECLARED_SELECTOR = YES;
				GCC_WARN_UNINITIALIZED_AUTOS = YES_AGGRESSIVE;
				GCC_WARN_UNUSED_FUNCTION = YES;
				GCC_WARN_UNUSED_VARIABLE = YES;
				IPHONEOS_DEPLOYMENT_TARGET = 17.0;
				LOCALIZATION_PREFERS_STRING_CATALOGS = YES;
				MTL_ENABLE_DEBUG_INFO = INCLUDE_SOURCE;
				MTL_FAST_MATH = YES;
				ONLY_ACTIVE_ARCH = YES;
				SDKROOT = iphoneos;
				SWIFT_ACTIVE_COMPILATION_CONDITIONS = "DEBUG $(inherited)";
				SWIFT_OPTIMIZATION_LEVEL = "-Onone";
			};
			name = Debug;
		};
		9CFAB9162B5B603600D23E11 /* Release */ = {
			isa = XCBuildConfiguration;
			buildSettings = {
				ALWAYS_SEARCH_USER_PATHS = NO;
				ASSETCATALOG_COMPILER_GENERATE_SWIFT_ASSET_SYMBOL_EXTENSIONS = YES;
				CLANG_ANALYZER_NONNULL = YES;
				CLANG_ANALYZER_NUMBER_OBJECT_CONVERSION = YES_AGGRESSIVE;
				CLANG_CXX_LANGUAGE_STANDARD = "gnu++20";
				CLANG_ENABLE_MODULES = YES;
				CLANG_ENABLE_OBJC_ARC = YES;
				CLANG_ENABLE_OBJC_WEAK = YES;
				CLANG_WARN_BLOCK_CAPTURE_AUTORELEASING = YES;
				CLANG_WARN_BOOL_CONVERSION = YES;
				CLANG_WARN_COMMA = YES;
				CLANG_WARN_CONSTANT_CONVERSION = YES;
				CLANG_WARN_DEPRECATED_OBJC_IMPLEMENTATIONS = YES;
				CLANG_WARN_DIRECT_OBJC_ISA_USAGE = YES_ERROR;
				CLANG_WARN_DOCUMENTATION_COMMENTS = YES;
				CLANG_WARN_EMPTY_BODY = YES;
				CLANG_WARN_ENUM_CONVERSION = YES;
				CLANG_WARN_INFINITE_RECURSION = YES;
				CLANG_WARN_INT_CONVERSION = YES;
				CLANG_WARN_NON_LITERAL_NULL_CONVERSION = YES;
				CLANG_WARN_OBJC_IMPLICIT_RETAIN_SELF = YES;
				CLANG_WARN_OBJC_LITERAL_CONVERSION = YES;
				CLANG_WARN_OBJC_ROOT_CLASS = YES_ERROR;
				CLANG_WARN_QUOTED_INCLUDE_IN_FRAMEWORK_HEADER = YES;
				CLANG_WARN_RANGE_LOOP_ANALYSIS = YES;
				CLANG_WARN_STRICT_PROTOTYPES = YES;
				CLANG_WARN_SUSPICIOUS_MOVE = YES;
				CLANG_WARN_UNGUARDED_AVAILABILITY = YES_AGGRESSIVE;
				CLANG_WARN_UNREACHABLE_CODE = YES;
				CLANG_WARN__DUPLICATE_METHOD_MATCH = YES;
				COPY_PHASE_STRIP = NO;
				DEBUG_INFORMATION_FORMAT = "dwarf-with-dsym";
				ENABLE_NS_ASSERTIONS = NO;
				ENABLE_STRICT_OBJC_MSGSEND = YES;
				ENABLE_USER_SCRIPT_SANDBOXING = YES;
				GCC_C_LANGUAGE_STANDARD = gnu17;
				GCC_NO_COMMON_BLOCKS = YES;
				GCC_WARN_64_TO_32_BIT_CONVERSION = YES;
				GCC_WARN_ABOUT_RETURN_TYPE = YES_ERROR;
				GCC_WARN_UNDECLARED_SELECTOR = YES;
				GCC_WARN_UNINITIALIZED_AUTOS = YES_AGGRESSIVE;
				GCC_WARN_UNUSED_FUNCTION = YES;
				GCC_WARN_UNUSED_VARIABLE = YES;
				IPHONEOS_DEPLOYMENT_TARGET = 17.0;
				LOCALIZATION_PREFERS_STRING_CATALOGS = YES;
				MTL_ENABLE_DEBUG_INFO = NO;
				MTL_FAST_MATH = YES;
				SDKROOT = iphoneos;
				SWIFT_COMPILATION_MODE = wholemodule;
				VALIDATE_PRODUCT = YES;
			};
			name = Release;
		};
		9CFAB9182B5B603600D23E11 /* Debug */ = {
			isa = XCBuildConfiguration;
			baseConfigurationReference = 9B4CF5811ACF72A058B31F38 /* Pods-TodayI.debug.xcconfig */;
			buildSettings = {
				ASSETCATALOG_COMPILER_APPICON_NAME = AppIcon;
				ASSETCATALOG_COMPILER_GLOBAL_ACCENT_COLOR_NAME = AccentColor;
				CODE_SIGN_STYLE = Automatic;
				CURRENT_PROJECT_VERSION = 1;
				DEVELOPMENT_ASSET_PATHS = "\"TodayI/Preview Content\"";
				DEVELOPMENT_TEAM = XUN95V9WDZ;
				ENABLE_PREVIEWS = YES;
				ENABLE_USER_SCRIPT_SANDBOXING = NO;
				GENERATE_INFOPLIST_FILE = YES;
				INFOPLIST_KEY_UIApplicationSceneManifest_Generation = YES;
				INFOPLIST_KEY_UIApplicationSupportsIndirectInputEvents = YES;
				INFOPLIST_KEY_UILaunchScreen_Generation = YES;
				INFOPLIST_KEY_UISupportedInterfaceOrientations_iPad = "UIInterfaceOrientationPortrait UIInterfaceOrientationPortraitUpsideDown UIInterfaceOrientationLandscapeLeft UIInterfaceOrientationLandscapeRight";
				INFOPLIST_KEY_UISupportedInterfaceOrientations_iPhone = "UIInterfaceOrientationPortrait UIInterfaceOrientationLandscapeLeft UIInterfaceOrientationLandscapeRight";
				IPHONEOS_DEPLOYMENT_TARGET = 17.0;
				LD_RUNPATH_SEARCH_PATHS = (
					"$(inherited)",
					"@executable_path/Frameworks",
				);
				MARKETING_VERSION = 1.0;
				PRODUCT_BUNDLE_IDENTIFIER = KuzoBelderol.TodayI;
				PRODUCT_NAME = "$(TARGET_NAME)";
				SWIFT_EMIT_LOC_STRINGS = YES;
				SWIFT_VERSION = 5.0;
				TARGETED_DEVICE_FAMILY = "1,2";
			};
			name = Debug;
		};
		9CFAB9192B5B603600D23E11 /* Release */ = {
			isa = XCBuildConfiguration;
			baseConfigurationReference = 958F067605C987E121B2EBB9 /* Pods-TodayI.release.xcconfig */;
			buildSettings = {
				ASSETCATALOG_COMPILER_APPICON_NAME = AppIcon;
				ASSETCATALOG_COMPILER_GLOBAL_ACCENT_COLOR_NAME = AccentColor;
				CODE_SIGN_STYLE = Automatic;
				CURRENT_PROJECT_VERSION = 1;
				DEVELOPMENT_ASSET_PATHS = "\"TodayI/Preview Content\"";
				DEVELOPMENT_TEAM = XUN95V9WDZ;
				ENABLE_PREVIEWS = YES;
				ENABLE_USER_SCRIPT_SANDBOXING = NO;
				GENERATE_INFOPLIST_FILE = YES;
				INFOPLIST_KEY_UIApplicationSceneManifest_Generation = YES;
				INFOPLIST_KEY_UIApplicationSupportsIndirectInputEvents = YES;
				INFOPLIST_KEY_UILaunchScreen_Generation = YES;
				INFOPLIST_KEY_UISupportedInterfaceOrientations_iPad = "UIInterfaceOrientationPortrait UIInterfaceOrientationPortraitUpsideDown UIInterfaceOrientationLandscapeLeft UIInterfaceOrientationLandscapeRight";
				INFOPLIST_KEY_UISupportedInterfaceOrientations_iPhone = "UIInterfaceOrientationPortrait UIInterfaceOrientationLandscapeLeft UIInterfaceOrientationLandscapeRight";
				IPHONEOS_DEPLOYMENT_TARGET = 17.0;
				LD_RUNPATH_SEARCH_PATHS = (
					"$(inherited)",
					"@executable_path/Frameworks",
				);
				MARKETING_VERSION = 1.0;
				PRODUCT_BUNDLE_IDENTIFIER = KuzoBelderol.TodayI;
				PRODUCT_NAME = "$(TARGET_NAME)";
				SWIFT_EMIT_LOC_STRINGS = YES;
				SWIFT_VERSION = 5.0;
				TARGETED_DEVICE_FAMILY = "1,2";
			};
			name = Release;
		};
/* End XCBuildConfiguration section */

/* Begin XCConfigurationList section */
		9CA1B9742B78FA2200FD4B71 /* Build configuration list for PBXNativeTarget "TodayITests" */ = {
			isa = XCConfigurationList;
			buildConfigurations = (
				9CA1B9752B78FA2200FD4B71 /* Debug */,
				9CA1B9762B78FA2200FD4B71 /* Release */,
			);
			defaultConfigurationIsVisible = 0;
			defaultConfigurationName = Release;
		};
		9CFAB8FF2B5B603100D23E11 /* Build configuration list for PBXProject "TodayI" */ = {
			isa = XCConfigurationList;
			buildConfigurations = (
				9CFAB9152B5B603600D23E11 /* Debug */,
				9CFAB9162B5B603600D23E11 /* Release */,
			);
			defaultConfigurationIsVisible = 0;
			defaultConfigurationName = Release;
		};
		9CFAB9172B5B603600D23E11 /* Build configuration list for PBXNativeTarget "TodayI" */ = {
			isa = XCConfigurationList;
			buildConfigurations = (
				9CFAB9182B5B603600D23E11 /* Debug */,
				9CFAB9192B5B603600D23E11 /* Release */,
			);
			defaultConfigurationIsVisible = 0;
			defaultConfigurationName = Release;
		};
/* End XCConfigurationList section */

/* Begin XCVersionGroup section */
		9CFAB9122B5B603600D23E11 /* TodayI.xcdatamodeld */ = {
			isa = XCVersionGroup;
			children = (
				9CFAB9132B5B603600D23E11 /* TodayI.xcdatamodel */,
			);
			currentVersion = 9CFAB9132B5B603600D23E11 /* TodayI.xcdatamodel */;
			path = TodayI.xcdatamodeld;
			sourceTree = "<group>";
			versionGroupType = wrapper.xcdatamodel;
		};
/* End XCVersionGroup section */
	};
	rootObject = 9CFAB8FC2B5B603100D23E11 /* Project object */;
}
